
Microsoft Visual Studio Solution File, Format Version 12.00
# Visual Studio 14
VisualStudioVersion = 14.0.23107.0
MinimumVisualStudioVersion = 10.0.40219.1
Project("{FAE04EC0-301F-11D3-BF4B-00C04F79EFBC}") = "Axh.Retro.CPU.Z80", "Axh.Retro.CPU.Z80\Axh.Retro.CPU.Z80.csproj", "{71763A1A-F228-451C-BF71-5F8EEB905820}"
EndProject
Project("{FAE04EC0-301F-11D3-BF4B-00C04F79EFBC}") = "Axh.Retro.CPU.Z80.Contracts", "Axh.Retro.CPU.Z80.Contracts\Axh.Retro.CPU.Z80.Contracts.csproj", "{15E8BFF0-AA13-420F-8527-9187A37F6360}"
EndProject
Project("{FAE04EC0-301F-11D3-BF4B-00C04F79EFBC}") = "Axh.Retro.CPU.Z80.Tests", "Axh.Retro.CPU.Z80.Tests\Axh.Retro.CPU.Z80.Tests.csproj", "{C3449D8C-B5A2-4186-A949-773DC3D26CDD}"
EndProject
Project("{FAE04EC0-301F-11D3-BF4B-00C04F79EFBC}") = "Axh.Retro.GameBoy", "Axh.Retro.Gameboy\Axh.Retro.GameBoy.csproj", "{84D4DAC3-9B2E-4A9A-9C85-16A7E58DEEB8}"
EndProject
Project("{FAE04EC0-301F-11D3-BF4B-00C04F79EFBC}") = "Axh.Retro.Z80Console", "Axh.Retro.Z80Console\Axh.Retro.Z80Console.csproj", "{1C11D9F5-7A05-4864-86FE-030579BCC0FC}"
EndProject
Project("{FAE04EC0-301F-11D3-BF4B-00C04F79EFBC}") = "Axh.Retro.GameBoy.Contracts", "Axh.Retro.GameBoy.Contracts\Axh.Retro.GameBoy.Contracts.csproj", "{5BCB273C-063E-466F-B397-550A97547F2F}"
EndProject
Project("{FAE04EC0-301F-11D3-BF4B-00C04F79EFBC}") = "Axh.Retro.GameBoy.Binding", "Axh.Retro.GameBoy.Binding\Axh.Retro.GameBoy.Binding.csproj", "{F09F977E-69D3-434C-B5D2-C95EFD9294FB}"
EndProject
Project("{FAE04EC0-301F-11D3-BF4B-00C04F79EFBC}") = "Axh.Retro.CPU.Common", "Axh.Retro.CPU.Common\Axh.Retro.CPU.Common.csproj", "{7881740A-89DE-438C-BEB0-CBF3D7DFBD58}"
EndProject
Project("{FAE04EC0-301F-11D3-BF4B-00C04F79EFBC}") = "Axh.Retro.CPU.Common.Contracts", "Axh.Retro.CPU.Common.Contracts\Axh.Retro.CPU.Common.Contracts.csproj", "{5A958C82-D6EA-4BD1-9CC6-3727AFE1874C}"
EndProject
Project("{FAE04EC0-301F-11D3-BF4B-00C04F79EFBC}") = "Axh.Retro.CPU.Common.Tests", "Axh.Retro.CPU.Common.Tests\Axh.Retro.CPU.Common.Tests.csproj", "{BC2206F4-9C2C-4FB6-A038-6CC6D4C53137}"
EndProject
Project("{2150E333-8FDC-42A3-9474-1A3956D46DE8}") = "CPU", "CPU", "{80A85AEB-4C52-4663-8173-A7D86D35B533}"
EndProject
Project("{2150E333-8FDC-42A3-9474-1A3956D46DE8}") = "Tests", "Tests", "{776CFD7F-5C77-441E-8145-23261C171107}"
EndProject
Project("{2150E333-8FDC-42A3-9474-1A3956D46DE8}") = "GameBoy", "GameBoy", "{0F9996FC-9A07-4AD0-8EB7-17F540C68B2E}"
EndProject
Project("{2150E333-8FDC-42A3-9474-1A3956D46DE8}") = "Z80", "Z80", "{681A0860-E6CF-4406-A287-EA1E1FFF1943}"
EndProject
Project("{2150E333-8FDC-42A3-9474-1A3956D46DE8}") = "Tests", "Tests", "{23A0A60C-A596-44BF-BF82-E3FCEFDF8D76}"
EndProject
Project("{FAE04EC0-301F-11D3-BF4B-00C04F79EFBC}") = "Axh.Retro.GameBoy.Tests", "Axh.Retro.GameBoy.Tests\Axh.Retro.GameBoy.Tests.csproj", "{6467DE9E-2C1E-4650-8201-5812326B26E2}"
EndProject
Global
	GlobalSection(SolutionConfigurationPlatforms) = preSolution
		Debug|Any CPU = Debug|Any CPU
		Release|Any CPU = Release|Any CPU
	EndGlobalSection
	GlobalSection(ProjectConfigurationPlatforms) = postSolution
		{71763A1A-F228-451C-BF71-5F8EEB905820}.Debug|Any CPU.ActiveCfg = Debug|Any CPU
		{71763A1A-F228-451C-BF71-5F8EEB905820}.Debug|Any CPU.Build.0 = Debug|Any CPU
		{71763A1A-F228-451C-BF71-5F8EEB905820}.Release|Any CPU.ActiveCfg = Release|Any CPU
		{71763A1A-F228-451C-BF71-5F8EEB905820}.Release|Any CPU.Build.0 = Release|Any CPU
		{15E8BFF0-AA13-420F-8527-9187A37F6360}.Debug|Any CPU.ActiveCfg = Debug|Any CPU
		{15E8BFF0-AA13-420F-8527-9187A37F6360}.Debug|Any CPU.Build.0 = Debug|Any CPU
		{15E8BFF0-AA13-420F-8527-9187A37F6360}.Release|Any CPU.ActiveCfg = Release|Any CPU
		{15E8BFF0-AA13-420F-8527-9187A37F6360}.Release|Any CPU.Build.0 = Release|Any CPU
		{C3449D8C-B5A2-4186-A949-773DC3D26CDD}.Debug|Any CPU.ActiveCfg = Debug|Any CPU
		{C3449D8C-B5A2-4186-A949-773DC3D26CDD}.Debug|Any CPU.Build.0 = Debug|Any CPU
		{C3449D8C-B5A2-4186-A949-773DC3D26CDD}.Release|Any CPU.ActiveCfg = Release|Any CPU
		{C3449D8C-B5A2-4186-A949-773DC3D26CDD}.Release|Any CPU.Build.0 = Release|Any CPU
		{84D4DAC3-9B2E-4A9A-9C85-16A7E58DEEB8}.Debug|Any CPU.ActiveCfg = Debug|Any CPU
		{84D4DAC3-9B2E-4A9A-9C85-16A7E58DEEB8}.Debug|Any CPU.Build.0 = Debug|Any CPU
		{84D4DAC3-9B2E-4A9A-9C85-16A7E58DEEB8}.Release|Any CPU.ActiveCfg = Release|Any CPU
		{84D4DAC3-9B2E-4A9A-9C85-16A7E58DEEB8}.Release|Any CPU.Build.0 = Release|Any CPU
		{1C11D9F5-7A05-4864-86FE-030579BCC0FC}.Debug|Any CPU.ActiveCfg = Debug|Any CPU
		{1C11D9F5-7A05-4864-86FE-030579BCC0FC}.Debug|Any CPU.Build.0 = Debug|Any CPU
		{1C11D9F5-7A05-4864-86FE-030579BCC0FC}.Release|Any CPU.ActiveCfg = Release|Any CPU
		{1C11D9F5-7A05-4864-86FE-030579BCC0FC}.Release|Any CPU.Build.0 = Release|Any CPU
		{5BCB273C-063E-466F-B397-550A97547F2F}.Debug|Any CPU.ActiveCfg = Debug|Any CPU
		{5BCB273C-063E-466F-B397-550A97547F2F}.Debug|Any CPU.Build.0 = Debug|Any CPU
		{5BCB273C-063E-466F-B397-550A97547F2F}.Release|Any CPU.ActiveCfg = Release|Any CPU
		{5BCB273C-063E-466F-B397-550A97547F2F}.Release|Any CPU.Build.0 = Release|Any CPU
		{F09F977E-69D3-434C-B5D2-C95EFD9294FB}.Debug|Any CPU.ActiveCfg = Debug|Any CPU
		{F09F977E-69D3-434C-B5D2-C95EFD9294FB}.Debug|Any CPU.Build.0 = Debug|Any CPU
		{F09F977E-69D3-434C-B5D2-C95EFD9294FB}.Release|Any CPU.ActiveCfg = Release|Any CPU
		{F09F977E-69D3-434C-B5D2-C95EFD9294FB}.Release|Any CPU.Build.0 = Release|Any CPU
		{7881740A-89DE-438C-BEB0-CBF3D7DFBD58}.Debug|Any CPU.ActiveCfg = Debug|Any CPU
		{7881740A-89DE-438C-BEB0-CBF3D7DFBD58}.Debug|Any CPU.Build.0 = Debug|Any CPU
		{7881740A-89DE-438C-BEB0-CBF3D7DFBD58}.Release|Any CPU.ActiveCfg = Release|Any CPU
		{7881740A-89DE-438C-BEB0-CBF3D7DFBD58}.Release|Any CPU.Build.0 = Release|Any CPU
		{5A958C82-D6EA-4BD1-9CC6-3727AFE1874C}.Debug|Any CPU.ActiveCfg = Debug|Any CPU
		{5A958C82-D6EA-4BD1-9CC6-3727AFE1874C}.Debug|Any CPU.Build.0 = Debug|Any CPU
		{5A958C82-D6EA-4BD1-9CC6-3727AFE1874C}.Release|Any CPU.ActiveCfg = Release|Any CPU
		{5A958C82-D6EA-4BD1-9CC6-3727AFE1874C}.Release|Any CPU.Build.0 = Release|Any CPU
		{BC2206F4-9C2C-4FB6-A038-6CC6D4C53137}.Debug|Any CPU.ActiveCfg = Debug|Any CPU
		{BC2206F4-9C2C-4FB6-A038-6CC6D4C53137}.Debug|Any CPU.Build.0 = Debug|Any CPU
		{BC2206F4-9C2C-4FB6-A038-6CC6D4C53137}.Release|Any CPU.ActiveCfg = Release|Any CPU
		{BC2206F4-9C2C-4FB6-A038-6CC6D4C53137}.Release|Any CPU.Build.0 = Release|Any CPU
		{6467DE9E-2C1E-4650-8201-5812326B26E2}.Debug|Any CPU.ActiveCfg = Debug|Any CPU
		{6467DE9E-2C1E-4650-8201-5812326B26E2}.Debug|Any CPU.Build.0 = Debug|Any CPU
		{6467DE9E-2C1E-4650-8201-5812326B26E2}.Release|Any CPU.ActiveCfg = Release|Any CPU
		{6467DE9E-2C1E-4650-8201-5812326B26E2}.Release|Any CPU.Build.0 = Release|Any CPU
	EndGlobalSection
	GlobalSection(SolutionProperties) = preSolution
		HideSolutionNode = FALSE
	EndGlobalSection
	GlobalSection(NestedProjects) = preSolution
		{71763A1A-F228-451C-BF71-5F8EEB905820} = {80A85AEB-4C52-4663-8173-A7D86D35B533}
		{15E8BFF0-AA13-420F-8527-9187A37F6360} = {80A85AEB-4C52-4663-8173-A7D86D35B533}
		{C3449D8C-B5A2-4186-A949-773DC3D26CDD} = {776CFD7F-5C77-441E-8145-23261C171107}
		{84D4DAC3-9B2E-4A9A-9C85-16A7E58DEEB8} = {0F9996FC-9A07-4AD0-8EB7-17F540C68B2E}
		{1C11D9F5-7A05-4864-86FE-030579BCC0FC} = {681A0860-E6CF-4406-A287-EA1E1FFF1943}
		{5BCB273C-063E-466F-B397-550A97547F2F} = {0F9996FC-9A07-4AD0-8EB7-17F540C68B2E}
		{F09F977E-69D3-434C-B5D2-C95EFD9294FB} = {0F9996FC-9A07-4AD0-8EB7-17F540C68B2E}
		{7881740A-89DE-438C-BEB0-CBF3D7DFBD58} = {80A85AEB-4C52-4663-8173-A7D86D35B533}
		{5A958C82-D6EA-4BD1-9CC6-3727AFE1874C} = {80A85AEB-4C52-4663-8173-A7D86D35B533}
		{BC2206F4-9C2C-4FB6-A038-6CC6D4C53137} = {776CFD7F-5C77-441E-8145-23261C171107}
		{776CFD7F-5C77-441E-8145-23261C171107} = {80A85AEB-4C52-4663-8173-A7D86D35B533}
		{23A0A60C-A596-44BF-BF82-E3FCEFDF8D76} = {0F9996FC-9A07-4AD0-8EB7-17F540C68B2E}
		{6467DE9E-2C1E-4650-8201-5812326B26E2} = {23A0A60C-A596-44BF-BF82-E3FCEFDF8D76}
	EndGlobalSection
EndGlobal
