
Microsoft Visual Studio Solution File, Format Version 12.00
# Visual Studio 14
VisualStudioVersion = 14.0.23107.0
MinimumVisualStudioVersion = 10.0.40219.1
Project("{FAE04EC0-301F-11D3-BF4B-00C04F79EFBC}") = "Axh.Retro.CPU.X80", "Axh.Retro.CPU.X80\Axh.Retro.CPU.X80.csproj", "{71763A1A-F228-451C-BF71-5F8EEB905820}"
EndProject
Project("{FAE04EC0-301F-11D3-BF4B-00C04F79EFBC}") = "Axh.Retro.CPU.X80.Contracts", "Axh.Retro.CPU.X80.Contracts\Axh.Retro.CPU.X80.Contracts.csproj", "{15E8BFF0-AA13-420F-8527-9187A37F6360}"
EndProject
Project("{FAE04EC0-301F-11D3-BF4B-00C04F79EFBC}") = "Axh.Retro.CPU.X80.Tests", "Axh.Retro.CPU.X80.Tests\Axh.Retro.CPU.X80.Tests.csproj", "{C3449D8C-B5A2-4186-A949-773DC3D26CDD}"
EndProject
Project("{FAE04EC0-301F-11D3-BF4B-00C04F79EFBC}") = "Axh.Retro.GameBoy", "Axh.Retro.Gameboy\Axh.Retro.GameBoy.csproj", "{84D4DAC3-9B2E-4A9A-9C85-16A7E58DEEB8}"
EndProject
Project("{FAE04EC0-301F-11D3-BF4B-00C04F79EFBC}") = "Axh.Retro.Z80Console", "Axh.Retro.Z80Console\Axh.Retro.Z80Console.csproj", "{1C11D9F5-7A05-4864-86FE-030579BCC0FC}"
EndProject
Global
	GlobalSection(SolutionConfigurationPlatforms) = preSolution
		Debug|Any CPU = Debug|Any CPU
		Debug|Mixed Platforms = Debug|Mixed Platforms
		Debug|Win32 = Debug|Win32
		Release|Any CPU = Release|Any CPU
		Release|Mixed Platforms = Release|Mixed Platforms
		Release|Win32 = Release|Win32
	EndGlobalSection
	GlobalSection(ProjectConfigurationPlatforms) = postSolution
		{71763A1A-F228-451C-BF71-5F8EEB905820}.Debug|Any CPU.ActiveCfg = Debug|Any CPU
		{71763A1A-F228-451C-BF71-5F8EEB905820}.Debug|Any CPU.Build.0 = Debug|Any CPU
		{71763A1A-F228-451C-BF71-5F8EEB905820}.Debug|Mixed Platforms.ActiveCfg = Debug|Any CPU
		{71763A1A-F228-451C-BF71-5F8EEB905820}.Debug|Mixed Platforms.Build.0 = Debug|Any CPU
		{71763A1A-F228-451C-BF71-5F8EEB905820}.Debug|Win32.ActiveCfg = Debug|Any CPU
		{71763A1A-F228-451C-BF71-5F8EEB905820}.Release|Any CPU.ActiveCfg = Release|Any CPU
		{71763A1A-F228-451C-BF71-5F8EEB905820}.Release|Any CPU.Build.0 = Release|Any CPU
		{71763A1A-F228-451C-BF71-5F8EEB905820}.Release|Mixed Platforms.ActiveCfg = Release|Any CPU
		{71763A1A-F228-451C-BF71-5F8EEB905820}.Release|Mixed Platforms.Build.0 = Release|Any CPU
		{71763A1A-F228-451C-BF71-5F8EEB905820}.Release|Win32.ActiveCfg = Release|Any CPU
		{15E8BFF0-AA13-420F-8527-9187A37F6360}.Debug|Any CPU.ActiveCfg = Debug|Any CPU
		{15E8BFF0-AA13-420F-8527-9187A37F6360}.Debug|Any CPU.Build.0 = Debug|Any CPU
		{15E8BFF0-AA13-420F-8527-9187A37F6360}.Debug|Mixed Platforms.ActiveCfg = Debug|Any CPU
		{15E8BFF0-AA13-420F-8527-9187A37F6360}.Debug|Mixed Platforms.Build.0 = Debug|Any CPU
		{15E8BFF0-AA13-420F-8527-9187A37F6360}.Debug|Win32.ActiveCfg = Debug|Any CPU
		{15E8BFF0-AA13-420F-8527-9187A37F6360}.Release|Any CPU.ActiveCfg = Release|Any CPU
		{15E8BFF0-AA13-420F-8527-9187A37F6360}.Release|Any CPU.Build.0 = Release|Any CPU
		{15E8BFF0-AA13-420F-8527-9187A37F6360}.Release|Mixed Platforms.ActiveCfg = Release|Any CPU
		{15E8BFF0-AA13-420F-8527-9187A37F6360}.Release|Mixed Platforms.Build.0 = Release|Any CPU
		{15E8BFF0-AA13-420F-8527-9187A37F6360}.Release|Win32.ActiveCfg = Release|Any CPU
		{C3449D8C-B5A2-4186-A949-773DC3D26CDD}.Debug|Any CPU.ActiveCfg = Debug|Any CPU
		{C3449D8C-B5A2-4186-A949-773DC3D26CDD}.Debug|Any CPU.Build.0 = Debug|Any CPU
		{C3449D8C-B5A2-4186-A949-773DC3D26CDD}.Debug|Mixed Platforms.ActiveCfg = Debug|Any CPU
		{C3449D8C-B5A2-4186-A949-773DC3D26CDD}.Debug|Mixed Platforms.Build.0 = Debug|Any CPU
		{C3449D8C-B5A2-4186-A949-773DC3D26CDD}.Debug|Win32.ActiveCfg = Debug|Any CPU
		{C3449D8C-B5A2-4186-A949-773DC3D26CDD}.Release|Any CPU.ActiveCfg = Release|Any CPU
		{C3449D8C-B5A2-4186-A949-773DC3D26CDD}.Release|Any CPU.Build.0 = Release|Any CPU
		{C3449D8C-B5A2-4186-A949-773DC3D26CDD}.Release|Mixed Platforms.ActiveCfg = Release|Any CPU
		{C3449D8C-B5A2-4186-A949-773DC3D26CDD}.Release|Mixed Platforms.Build.0 = Release|Any CPU
		{C3449D8C-B5A2-4186-A949-773DC3D26CDD}.Release|Win32.ActiveCfg = Release|Any CPU
		{84D4DAC3-9B2E-4A9A-9C85-16A7E58DEEB8}.Debug|Any CPU.ActiveCfg = Debug|Any CPU
		{84D4DAC3-9B2E-4A9A-9C85-16A7E58DEEB8}.Debug|Any CPU.Build.0 = Debug|Any CPU
		{84D4DAC3-9B2E-4A9A-9C85-16A7E58DEEB8}.Debug|Mixed Platforms.ActiveCfg = Debug|Any CPU
		{84D4DAC3-9B2E-4A9A-9C85-16A7E58DEEB8}.Debug|Mixed Platforms.Build.0 = Debug|Any CPU
		{84D4DAC3-9B2E-4A9A-9C85-16A7E58DEEB8}.Debug|Win32.ActiveCfg = Debug|Any CPU
		{84D4DAC3-9B2E-4A9A-9C85-16A7E58DEEB8}.Release|Any CPU.ActiveCfg = Release|Any CPU
		{84D4DAC3-9B2E-4A9A-9C85-16A7E58DEEB8}.Release|Any CPU.Build.0 = Release|Any CPU
		{84D4DAC3-9B2E-4A9A-9C85-16A7E58DEEB8}.Release|Mixed Platforms.ActiveCfg = Release|Any CPU
		{84D4DAC3-9B2E-4A9A-9C85-16A7E58DEEB8}.Release|Mixed Platforms.Build.0 = Release|Any CPU
		{84D4DAC3-9B2E-4A9A-9C85-16A7E58DEEB8}.Release|Win32.ActiveCfg = Release|Any CPU
		{1C11D9F5-7A05-4864-86FE-030579BCC0FC}.Debug|Any CPU.ActiveCfg = Debug|Any CPU
		{1C11D9F5-7A05-4864-86FE-030579BCC0FC}.Debug|Any CPU.Build.0 = Debug|Any CPU
		{1C11D9F5-7A05-4864-86FE-030579BCC0FC}.Debug|Mixed Platforms.ActiveCfg = Debug|Any CPU
		{1C11D9F5-7A05-4864-86FE-030579BCC0FC}.Debug|Mixed Platforms.Build.0 = Debug|Any CPU
		{1C11D9F5-7A05-4864-86FE-030579BCC0FC}.Debug|Win32.ActiveCfg = Debug|Any CPU
		{1C11D9F5-7A05-4864-86FE-030579BCC0FC}.Debug|Win32.Build.0 = Debug|Any CPU
		{1C11D9F5-7A05-4864-86FE-030579BCC0FC}.Release|Any CPU.ActiveCfg = Release|Any CPU
		{1C11D9F5-7A05-4864-86FE-030579BCC0FC}.Release|Any CPU.Build.0 = Release|Any CPU
		{1C11D9F5-7A05-4864-86FE-030579BCC0FC}.Release|Mixed Platforms.ActiveCfg = Release|Any CPU
		{1C11D9F5-7A05-4864-86FE-030579BCC0FC}.Release|Mixed Platforms.Build.0 = Release|Any CPU
		{1C11D9F5-7A05-4864-86FE-030579BCC0FC}.Release|Win32.ActiveCfg = Release|Any CPU
		{1C11D9F5-7A05-4864-86FE-030579BCC0FC}.Release|Win32.Build.0 = Release|Any CPU
	EndGlobalSection
	GlobalSection(SolutionProperties) = preSolution
		HideSolutionNode = FALSE
	EndGlobalSection
EndGlobal
